# This file was autogenerated by uv via the following command:
#    uv pip compile python/pyproject.toml --extra rl --python-version 3.12 --python-platform x86_64-unknown-linux-gnu --generate-hashes --extra-index-url https://download.pytorch.org/whl/cpu --index-strategy unsafe-best-match --emit-index-url --output-file python/requirements-rl-linux-py312.lock
--index-url https://pypi.org/simple
--extra-index-url https://download.pytorch.org/whl/cpu

cloudpickle==3.1.2 \
    --hash=sha256:7fda9eb655c9c230dab534f1983763de5835249750e85fbcef43aaa30a9a2414 \
    --hash=sha256:9acb47f6afd73f60dc1df93bb801b472f05ff42fa6c84167d25cb206be1fbf4a
    # via gymnasium
farama-notifications==0.0.6 \
    --hash=sha256:b19acac4bb41d76e59e03394b5dd165f4761c86fa327f56307a35cbee3b60158 \
    --hash=sha256:f84839188efa1ce5bb361c2a84881b2dc2c0d0d7fb661ff00421820170930935
    # via gymnasium
filelock==3.29.0 \
    --hash=sha256:69974355e960702e789734cb4871f884ea6fe50bd8404051a3530bc07809cf90 \
    --hash=sha256:96f5f6344709aa1572bbf631c640e4ebeeb519e08da902c39a001882f30ac258
    # via torch
fsspec==2026.4.0 \
    --hash=sha256:11ef7bb35dab8a394fde6e608221d5cf3e8499401c249bebaeaad760a1a8dec2 \
    --hash=sha256:301d8ac70ae90ef3ad05dcf94d6c3754a097f9b5fe4667d2787aa359ec7df7e4
    # via torch
gymnasium==1.3.0 \
    --hash=sha256:6939e86e835d6b71b6ba6bfd360487420876deafc79bfb7bacba83a7c446bcf3 \
    --hash=sha256:6b8c159a8540dcbcb221722d7efda24d78ebbcbc3bd2ea1c2611aa2a34471fc2
    # via pettingzoo
jinja2==3.1.6 \
    --hash=sha256:0137fb05990d35f1275a587e9aee6d56da821fc83491a0fb838183be43f66d6d \
    --hash=sha256:85ece4451f492d0c13c5dd7c13a64681a86afae63a5f347908daf103ce6d2f67
    # via torch
markupsafe==3.0.3 \
    --hash=sha256:0303439a41979d9e74d18ff5e2dd8c43ed6c6001fd40e5bf2e43f7bd9bbc523f \
    --hash=sha256:068f375c472b3e7acbe2d5318dea141359e6900156b5b2ba06a30b169086b91a \
    --hash=sha256:0bf2a864d67e76e5c9a34dc26ec616a66b9888e25e7b9460e1c76d3293bd9dbf \
    --hash=sha256:0db14f5dafddbb6d9208827849fad01f1a2609380add406671a26386cdf15a19 \
    --hash=sha256:0eb9ff8191e8498cca014656ae6b8d61f39da5f95b488805da4bb029cccbfbaf \
    --hash=sha256:0f4b68347f8c5eab4a13419215bdfd7f8c9b19f2b25520968adfad23eb0ce60c \
    --hash=sha256:1085e7fbddd3be5f89cc898938f42c0b3c711fdcb37d75221de2666af647c175 \
    --hash=sha256:116bb52f642a37c115f517494ea5feb03889e04df47eeff5b130b1808ce7c219 \
    --hash=sha256:12c63dfb4a98206f045aa9563db46507995f7ef6d83b2f68eda65c307c6829eb \
    --hash=sha256:133a43e73a802c5562be9bbcd03d090aa5a1fe899db609c29e8c8d815c5f6de6 \
    --hash=sha256:1353ef0c1b138e1907ae78e2f6c63ff67501122006b0f9abad68fda5f4ffc6ab \
    --hash=sha256:15d939a21d546304880945ca1ecb8a039db6b4dc49b2c5a400387cdae6a62e26 \
    --hash=sha256:177b5253b2834fe3678cb4a5f0059808258584c559193998be2601324fdeafb1 \
    --hash=sha256:1872df69a4de6aead3491198eaf13810b565bdbeec3ae2dc8780f14458ec73ce \
    --hash=sha256:1b4b79e8ebf6b55351f0d91fe80f893b4743f104bff22e90697db1590e47a218 \
    --hash=sha256:1b52b4fb9df4eb9ae465f8d0c228a00624de2334f216f178a995ccdcf82c4634 \
    --hash=sha256:1ba88449deb3de88bd40044603fafffb7bc2b055d626a330323a9ed736661695 \
    --hash=sha256:1cc7ea17a6824959616c525620e387f6dd30fec8cb44f649e31712db02123dad \
    --hash=sha256:218551f6df4868a8d527e3062d0fb968682fe92054e89978594c28e642c43a73 \
    --hash=sha256:26a5784ded40c9e318cfc2bdb30fe164bdb8665ded9cd64d500a34fb42067b1c \
    --hash=sha256:2713baf880df847f2bece4230d4d094280f4e67b1e813eec43b4c0e144a34ffe \
    --hash=sha256:2a15a08b17dd94c53a1da0438822d70ebcd13f8c3a95abe3a9ef9f11a94830aa \
    --hash=sha256:2f981d352f04553a7171b8e44369f2af4055f888dfb147d55e42d29e29e74559 \
    --hash=sha256:32001d6a8fc98c8cb5c947787c5d08b0a50663d139f1305bac5885d98d9b40fa \
    --hash=sha256:3524b778fe5cfb3452a09d31e7b5adefeea8c5be1d43c4f810ba09f2ceb29d37 \
    --hash=sha256:3537e01efc9d4dccdf77221fb1cb3b8e1a38d5428920e0657ce299b20324d758 \
    --hash=sha256:35add3b638a5d900e807944a078b51922212fb3dedb01633a8defc4b01a3c85f \
    --hash=sha256:38664109c14ffc9e7437e86b4dceb442b0096dfe3541d7864d9cbe1da4cf36c8 \
    --hash=sha256:3a7e8ae81ae39e62a41ec302f972ba6ae23a5c5396c8e60113e9066ef893da0d \
    --hash=sha256:3b562dd9e9ea93f13d53989d23a7e775fdfd1066c33494ff43f5418bc8c58a5c \
    --hash=sha256:457a69a9577064c05a97c41f4e65148652db078a3a509039e64d3467b9e7ef97 \
    --hash=sha256:4bd4cd07944443f5a265608cc6aab442e4f74dff8088b0dfc8238647b8f6ae9a \
    --hash=sha256:4e885a3d1efa2eadc93c894a21770e4bc67899e3543680313b09f139e149ab19 \
    --hash=sha256:4faffd047e07c38848ce017e8725090413cd80cbc23d86e55c587bf979e579c9 \
    --hash=sha256:509fa21c6deb7a7a273d629cf5ec029bc209d1a51178615ddf718f5918992ab9 \
    --hash=sha256:5678211cb9333a6468fb8d8be0305520aa073f50d17f089b5b4b477ea6e67fdc \
    --hash=sha256:591ae9f2a647529ca990bc681daebdd52c8791ff06c2bfa05b65163e28102ef2 \
    --hash=sha256:5a7d5dc5140555cf21a6fefbdbf8723f06fcd2f63ef108f2854de715e4422cb4 \
    --hash=sha256:69c0b73548bc525c8cb9a251cddf1931d1db4d2258e9599c28c07ef3580ef354 \
    --hash=sha256:6b5420a1d9450023228968e7e6a9ce57f65d148ab56d2313fcd589eee96a7a50 \
    --hash=sha256:722695808f4b6457b320fdc131280796bdceb04ab50fe1795cd540799ebe1698 \
    --hash=sha256:729586769a26dbceff69f7a7dbbf59ab6572b99d94576a5592625d5b411576b9 \
    --hash=sha256:77f0643abe7495da77fb436f50f8dab76dbc6e5fd25d39589a0f1fe6548bfa2b \
    --hash=sha256:795e7751525cae078558e679d646ae45574b47ed6e7771863fcc079a6171a0fc \
    --hash=sha256:7be7b61bb172e1ed687f1754f8e7484f1c8019780f6f6b0786e76bb01c2ae115 \
    --hash=sha256:7c3fb7d25180895632e5d3148dbdc29ea38ccb7fd210aa27acbd1201a1902c6e \
    --hash=sha256:7e68f88e5b8799aa49c85cd116c932a1ac15caaa3f5db09087854d218359e485 \
    --hash=sha256:83891d0e9fb81a825d9a6d61e3f07550ca70a076484292a70fde82c4b807286f \
    --hash=sha256:8485f406a96febb5140bfeca44a73e3ce5116b2501ac54fe953e488fb1d03b12 \
    --hash=sha256:8709b08f4a89aa7586de0aadc8da56180242ee0ada3999749b183aa23df95025 \
    --hash=sha256:8f71bc33915be5186016f675cd83a1e08523649b0e33efdb898db577ef5bb009 \
    --hash=sha256:915c04ba3851909ce68ccc2b8e2cd691618c4dc4c4232fb7982bca3f41fd8c3d \
    --hash=sha256:949b8d66bc381ee8b007cd945914c721d9aba8e27f71959d750a46f7c282b20b \
    --hash=sha256:94c6f0bb423f739146aec64595853541634bde58b2135f27f61c1ffd1cd4d16a \
    --hash=sha256:9a1abfdc021a164803f4d485104931fb8f8c1efd55bc6b748d2f5774e78b62c5 \
    --hash=sha256:9b79b7a16f7fedff2495d684f2b59b0457c3b493778c9eed31111be64d58279f \
    --hash=sha256:a320721ab5a1aba0a233739394eb907f8c8da5c98c9181d1161e77a0c8e36f2d \
    --hash=sha256:a4afe79fb3de0b7097d81da19090f4df4f8d3a2b3adaa8764138aac2e44f3af1 \
    --hash=sha256:ad2cf8aa28b8c020ab2fc8287b0f823d0a7d8630784c31e9ee5edea20f406287 \
    --hash=sha256:b8512a91625c9b3da6f127803b166b629725e68af71f8184ae7e7d54686a56d6 \
    --hash=sha256:bc51efed119bc9cfdf792cdeaa4d67e8f6fcccab66ed4bfdd6bde3e59bfcbb2f \
    --hash=sha256:bdc919ead48f234740ad807933cdf545180bfbe9342c2bb451556db2ed958581 \
    --hash=sha256:bdd37121970bfd8be76c5fb069c7751683bdf373db1ed6c010162b2a130248ed \
    --hash=sha256:be8813b57049a7dc738189df53d69395eba14fb99345e0a5994914a3864c8a4b \
    --hash=sha256:c0c0b3ade1c0b13b936d7970b1d37a57acde9199dc2aecc4c336773e1d86049c \
    --hash=sha256:c47a551199eb8eb2121d4f0f15ae0f923d31350ab9280078d1e5f12b249e0026 \
    --hash=sha256:c4ffb7ebf07cfe8931028e3e4c85f0357459a3f9f9490886198848f4fa002ec8 \
    --hash=sha256:ccfcd093f13f0f0b7fdd0f198b90053bf7b2f02a3927a30e63f3ccc9df56b676 \
    --hash=sha256:d2ee202e79d8ed691ceebae8e0486bd9a2cd4794cec4824e1c99b6f5009502f6 \
    --hash=sha256:d53197da72cc091b024dd97249dfc7794d6a56530370992a5e1a08983ad9230e \
    --hash=sha256:d6dd0be5b5b189d31db7cda48b91d7e0a9795f31430b7f271219ab30f1d3ac9d \
    --hash=sha256:d88b440e37a16e651bda4c7c2b930eb586fd15ca7406cb39e211fcff3bf3017d \
    --hash=sha256:de8a88e63464af587c950061a5e6a67d3632e36df62b986892331d4620a35c01 \
    --hash=sha256:df2449253ef108a379b8b5d6b43f4b1a8e81a061d6537becd5582fba5f9196d7 \
    --hash=sha256:e1c1493fb6e50ab01d20a22826e57520f1284df32f2d8601fdd90b6304601419 \
    --hash=sha256:e1cf1972137e83c5d4c136c43ced9ac51d0e124706ee1c8aa8532c1287fa8795 \
    --hash=sha256:e2103a929dfa2fcaf9bb4e7c091983a49c9ac3b19c9061b6d5427dd7d14d81a1 \
    --hash=sha256:e56b7d45a839a697b5eb268c82a71bd8c7f6c94d6fd50c3d577fa39a9f1409f5 \
    --hash=sha256:e8afc3f2ccfa24215f8cb28dcf43f0113ac3c37c2f0f0806d8c70e4228c5cf4d \
    --hash=sha256:e8fc20152abba6b83724d7ff268c249fa196d8259ff481f3b1476383f8f24e42 \
    --hash=sha256:eaa9599de571d72e2daf60164784109f19978b327a3910d3e9de8c97b5b70cfe \
    --hash=sha256:ec15a59cf5af7be74194f7ab02d0f59a62bdcf1a537677ce67a2537c9b87fcda \
    --hash=sha256:f190daf01f13c72eac4efd5c430a8de82489d9cff23c364c3ea822545032993e \
    --hash=sha256:f34c41761022dd093b4b6896d4810782ffbabe30f2d443ff5f083e0cbbb8c737 \
    --hash=sha256:f3e98bb3798ead92273dc0e5fd0f31ade220f59a266ffd8a4f6065e0a3ce0523 \
    --hash=sha256:f42d0984e947b8adf7dd6dde396e720934d12c506ce84eea8476409563607591 \
    --hash=sha256:f71a396b3bf33ecaa1626c255855702aca4d3d9fea5e051b41ac59a9c1c41edc \
    --hash=sha256:f9e130248f4462aaa8e2552d547f36ddadbeaa573879158d721bbd33dfe4743a \
    --hash=sha256:fed51ac40f757d41b7c48425901843666a6677e3e8eb0abcff09e4ba6e664f50
    # via jinja2
mpmath==1.3.0 \
    --hash=sha256:7a28eb2a9774d00c7bc92411c19a89209d5da7c4c9a9e227be8330a23a25b91f \
    --hash=sha256:a0b2b9fe80bbcd81a6647ff13108738cfb482d481d826cc0e02f5b35e5c88d2c
    # via sympy
networkx==3.6.1 \
    --hash=sha256:26b7c357accc0c8cde558ad486283728b65b6a95d85ee1cd66bafab4c8168509 \
    --hash=sha256:d47fbf302e7d9cbbb9e2555a0d267983d2aa476bac30e90dfbe5669bd57f3762
    # via torch
numpy==2.4.2 \
    --hash=sha256:00ab83c56211a1d7c07c25e3217ea6695e50a3e2f255053686b081dc0b091a82 \
    --hash=sha256:068cdb2d0d644cdb45670810894f6a0600797a69c05f1ac478e8d31670b8ee75 \
    --hash=sha256:0f01dcf33e73d80bd8dc0f20a71303abbafa26a19e23f6b68d1aa9990af90257 \
    --hash=sha256:0fece1d1f0a89c16b03442eae5c56dc0be0c7883b5d388e0c03f53019a4bfd71 \
    --hash=sha256:12e26134a0331d8dbd9351620f037ec470b7c75929cb8a1537f6bfe411152a1a \
    --hash=sha256:1ae241bbfc6ae276f94a170b14785e561cb5e7f626b6688cf076af4110887413 \
    --hash=sha256:1f92f53998a17265194018d1cc321b2e96e900ca52d54c7c77837b71b9465181 \
    --hash=sha256:209fae046e62d0ce6435fcfe3b1a10537e858249b3d9b05829e2a05218296a85 \
    --hash=sha256:20abd069b9cda45874498b245c8015b18ace6de8546bf50dfa8cea1696ed06ef \
    --hash=sha256:21982668592194c609de53ba4933a7471880ccbaadcc52352694a59ecc860b3a \
    --hash=sha256:25f2059807faea4b077a2b6837391b5d830864b3543627f381821c646f31a63c \
    --hash=sha256:2653de5c24910e49c2b106499803124dde62a5a1fe0eedeaecf4309a5f639390 \
    --hash=sha256:2b8f157c8a6f20eb657e240f8985cc135598b2b46985c5bccbde7616dc9c6b1e \
    --hash=sha256:2fb882da679409066b4603579619341c6d6898fc83a8995199d5249f986e8e8f \
    --hash=sha256:40397bda92382fcec844066efb11f13e1c9a3e2a8e8f318fb72ed8b6db9f60f1 \
    --hash=sha256:444be170853f1f9d528428eceb55f12918e4fda5d8805480f36a002f1415e09b \
    --hash=sha256:47c5a6ed21d9452b10227e5e8a0e1c22979811cad7dcc19d8e3e2fb8fa03f1a3 \
    --hash=sha256:4f069069931240b3fc703f1e23df63443dbd6390614c8c44a87d96cd0ec81eb1 \
    --hash=sha256:52b913ec40ff7ae845687b0b34d8d93b60cb66dcee06996dd5c99f2fc9328657 \
    --hash=sha256:5633c0da313330fd20c484c78cdd3f9b175b55e1a766c4a174230c6b70ad8262 \
    --hash=sha256:5daf6f3914a733336dab21a05cdec343144600e964d2fcdabaac0c0269874b2a \
    --hash=sha256:5eea80d908b2c1f91486eb95b3fb6fab187e569ec9752ab7d9333d2e66bf2d6b \
    --hash=sha256:602f65afdef699cda27ec0b9224ae5dc43e328f4c24c689deaf77133dbee74d0 \
    --hash=sha256:659a6107e31a83c4e33f763942275fd278b21d095094044eb35569e86a21ddae \
    --hash=sha256:66cb9422236317f9d44b67b4d18f44efe6e9c7f8794ac0462978513359461554 \
    --hash=sha256:6d82351358ffbcdcd7b686b90742a9b86632d6c1c051016484fa0b326a0a1548 \
    --hash=sha256:6e9f61981ace1360e42737e2bae58b27bf28a1b27e781721047d84bd754d32e7 \
    --hash=sha256:6ed0be1ee58eef41231a5c943d7d1375f093142702d5723ca2eb07db9b934b05 \
    --hash=sha256:7cdde6de52fb6664b00b056341265441192d1291c130e99183ec0d4b110ff8b1 \
    --hash=sha256:7df2de1e4fba69a51c06c28f5a3de36731eb9639feb8e1cf7e4a7b0daf4cf622 \
    --hash=sha256:7edc794af8b36ca37ef5fcb5e0d128c7e0595c7b96a2318d1badb6fcd8ee86b1 \
    --hash=sha256:7f54844851cdb630ceb623dcec4db3240d1ac13d4990532446761baede94996a \
    --hash=sha256:805cc8de9fd6e7a22da5aed858e0ab16be5a4db6c873dde1d7451c541553aa27 \
    --hash=sha256:8906e71fd8afcb76580404e2a950caef2685df3d2a57fe82a86ac8d33cc007ba \
    --hash=sha256:89f7268c009bc492f506abd6f5265defa7cb3f7487dc21d357c3d290add45082 \
    --hash=sha256:8c50dd1fc8826f5b26a5ee4d77ca55d88a895f4e4819c7ecc2a9f5905047a443 \
    --hash=sha256:8e4549f8a3c6d13d55041925e912bfd834285ef1dd64d6bc7d542583355e2e98 \
    --hash=sha256:8e9afaeb0beff068b4d9cd20d322ba0ee1cecfb0b08db145e4ab4dd44a6b5110 \
    --hash=sha256:98f16a80e917003a12c0580f97b5f875853ebc33e2eaa4bccfc8201ac6869308 \
    --hash=sha256:9e35d3e0144137d9fdae62912e869136164534d64a169f86438bc9561b6ad49f \
    --hash=sha256:9e4424677ce4b47fe73c8b5556d876571f7c6945d264201180db2dc34f676ab5 \
    --hash=sha256:adb6ed2ad29b9e15321d167d152ee909ec73395901b70936f029c3bc6d7f4460 \
    --hash=sha256:aea4f66ff44dfddf8c2cffd66ba6538c5ec67d389285292fe428cb2c738c8aef \
    --hash=sha256:b21041e8cb6a1eb5312dd1d2f80a94d91efffb7a06b70597d44f1bd2dfc315ab \
    --hash=sha256:b2f0073ed0868db1dcd86e052d37279eef185b9c8db5bf61f30f46adac63c909 \
    --hash=sha256:b3a24467af63c67829bfaa61eecf18d5432d4f11992688537be59ecd6ad32f5e \
    --hash=sha256:b9c618d56a29c9cb1c4da979e9899be7578d2e0b3c24d52079c166324c9e8695 \
    --hash=sha256:bba37bc29d4d85761deed3954a1bc62be7cf462b9510b51d367b769a8c8df325 \
    --hash=sha256:bd3a7a9f5847d2fb8c2c6d1c862fa109c31a9abeca1a3c2bd5a64572955b2979 \
    --hash=sha256:be71bf1edb48ebbbf7f6337b5bfd2f895d1902f6335a5830b20141fc126ffba0 \
    --hash=sha256:c02ef4401a506fb60b411467ad501e1429a3487abca4664871d9ae0b46c8ba32 \
    --hash=sha256:c3cd545784805de05aafe1dde61752ea49a359ccba9760c1e5d1c88a93bbf2b7 \
    --hash=sha256:c7ac672d699bf36275c035e16b65539931347d68b70667d28984c9fb34e07fa7 \
    --hash=sha256:cb7bbb88aa74908950d979eeaa24dbdf1a865e3c7e45ff0121d8f70387b55f73 \
    --hash=sha256:cd2bd2bbed13e213d6b55dc1d035a4f91748a7d3edc9480c13898b0353708920 \
    --hash=sha256:cda077c2e5b780200b6b3e09d0b42205a3d1c68f30c6dceb90401c13bff8fe74 \
    --hash=sha256:cf28c0c1d4c4bf00f509fa7eb02c58d7caf221b50b467bcb0d9bbf1584d5c821 \
    --hash=sha256:d0d9b7c93578baafcbc5f0b83eaf17b79d345c6f36917ba0c67f45226911d499 \
    --hash=sha256:d1240d50adff70c2a88217698ca844723068533f3f5c5fa6ee2e3220e3bdb000 \
    --hash=sha256:d30291931c915b2ab5717c2974bb95ee891a1cf22ebc16a8006bd59cd210d40a \
    --hash=sha256:d9f64d786b3b1dd742c946c42d15b07497ed14af1a1f3ce840cce27daa0ce913 \
    --hash=sha256:da6cad4e82cb893db4b69105c604d805e0c3ce11501a55b5e9f9083b47d2ffe8 \
    --hash=sha256:df1b10187212b198dd45fa943d8985a3c8cf854aed4923796e0e019e113a1bda \
    --hash=sha256:e04ae107ac591763a47398bb45b568fc38f02dbc4aa44c063f67a131f99346cb \
    --hash=sha256:e6dee3bb76aa4009d5a912180bf5b2de012532998d094acee25d9cb8dee3e44a \
    --hash=sha256:e7e88598032542bd49af7c4747541422884219056c268823ef6e5e89851c8825 \
    --hash=sha256:e98c97502435b53741540a5717a6749ac2ada901056c7db951d33e11c885cc7d \
    --hash=sha256:ec055f6dae239a6299cace477b479cca2fc125c5675482daf1dd886933a1076f \
    --hash=sha256:f74f0f7779cc7ae07d1810aab8ac6b1464c3eafb9e283a40da7309d5e6e48fbb \
    --hash=sha256:fbde1b0c6e81d56f5dccd95dd4a711d9b95df1ae4009a60887e56b27e8d903fa \
    --hash=sha256:fcf92bee92742edd401ba41135185866f7026c502617f422eb432cfeca4fe236 \
    --hash=sha256:fd49860271d52127d61197bb50b64f58454e9f578cb4b2c001a6de8b1f50b0b1
    # via
    #   mindustry-agents (python/pyproject.toml)
    #   gymnasium
    #   pettingzoo
pettingzoo==1.26.1 \
    --hash=sha256:1bae0c7d3c51bf032f2e2abb589b211feec786de76cbbff87f8189ad51649820 \
    --hash=sha256:f4715dde696bf159d68bb1d3f764ff5083eb7e0cc32ac31a748e81ae530181dd
    # via mindustry-agents (python/pyproject.toml)
setuptools==78.1.0 \
    --hash=sha256:3e386e96793c8702ae83d17b853fb93d3e09ef82ec62722e61da5cd22376dcd8
    # via torch
sympy==1.14.0 \
    --hash=sha256:d3d3fe8df1e5a0b42f0e7bdf50541697dbe7d23746e894990c030e2b05e72517 \
    --hash=sha256:e091cc3e99d2141a0ba2847328f5479b05d94a6635cb96148ccb3f34671bd8f5
    # via torch
torch==2.12.1+cpu \
    --hash=sha256:03094411b20e85a221125a332211d59c099dc556afb1423e04193fcf1b4c1cbd \
    --hash=sha256:04cd8b002c03dd6a246fbb4ae5abf1edd42adf0a9929ad82162c973e5737b5ac \
    --hash=sha256:06d13c354df07953ae0d150da22a071496cbbedd22d1b644961813c0f0fc3b23 \
    --hash=sha256:0706eb7b53c4b1381b2acc418f6d89d6ed18a308677125ced7ca30519c57dc42 \
    --hash=sha256:1b9ad70d0a300d6bd883fffc153a6c0f9bc64bf4190519aeeed0373807bffbcc \
    --hash=sha256:21ed774c10a0fd24ab2cfaabfa98a9260fc28d518946c98c0151b6e447730250 \
    --hash=sha256:41c4824c535315dc8a4f92a4a61203df2074d052dbf8f75fda8bfe472fe3cdde \
    --hash=sha256:4ca206a35f2aeba7da944a69ef857103358e8d4bc6b06b49b9e554dcfa57777d \
    --hash=sha256:51c6c6e26eaa0d64ed439ebdc9ce3b8cc2d5cfcc7cdd4e72f17831d80886b7f4 \
    --hash=sha256:618120d79360688595e61162147d37e1d69fc3f2e13d60584a1eb6a74c74735a \
    --hash=sha256:6354069774ce2d9c26d6d8612fc252586428467b7e4ced7c8bbbfb961fafb783 \
    --hash=sha256:6d1b61e53a2c000e1e5cc49fc88aebc665bdf02c63910c243116d395d7cbc164 \
    --hash=sha256:77d049968c7817456dbdebf0aadcac0813e302218b0e857a8723463331339d55 \
    --hash=sha256:8d47e0cfc59679d4e367646c3df4cf433c7d1595b31307e0e7b2391c58ca2160 \
    --hash=sha256:900b253fc8c739bebffb63d7f75abff4cd53d79947265a00c16cb53b68ecdb91 \
    --hash=sha256:93b8ceb3689e34a92465d4cac7d08e65dfcf49d10d6d47d15db5f3917baa1152 \
    --hash=sha256:9b4f554e5e461545b1b42551e27f97b4fbc58e05f2bad0603120aa929d4562e1 \
    --hash=sha256:a73cb40dddadd56bd40722ad896f17838ec754fc17509c16d9639aa77b116e00 \
    --hash=sha256:ae4bb28409f5370852bd71af221066236c38d647f780d9b0a7240c330a9c12df \
    --hash=sha256:bc5335453723e03f92603d98b05ad9416edd2d47fc401d29a98c20008bf74268 \
    --hash=sha256:c6cf299bad55b045abdc0969f298385845c25bc8ace587215e5538d6a73e7712 \
    --hash=sha256:cf9ef28ef8d1a7d56aba206780cbb09e8a643a942f26a2374ab21b9a02b9d9fd \
    --hash=sha256:d1620bc7bcf8087f3e48821b5db994a03e32ddb083d58c000b8e032f8a6e2d15 \
    --hash=sha256:e3c3b5c275dd57cff1aa34a0ab8f84beab8976c63c8dc1d84f29430eac0590ea \
    --hash=sha256:ef228ec70f5e73762c213f145c0fdb672e5770a6de760801c58b933b0d5b6957
    # via mindustry-agents (python/pyproject.toml)
typing-extensions==4.15.0 \
    --hash=sha256:f0fa19c6845758ab08074a0cfa8b7aecb71c999ca73d62883bc25cc018c4e548
    # via
    #   gymnasium
    #   torch
